// !$*UTF8*$!
{
	archiveVersion = 1;
	classes = {
	};
	objectVersion = 55;
	objects = {

/* Begin PBXBuildFile section */
		2228D89327EB448200AF7FFC /* AppDelegate.swift in Sources */ = {isa = PBXBuildFile; fileRef = 2228D89227EB448200AF7FFC /* AppDelegate.swift */; };
		2228D89527EB448200AF7FFC /* SceneDelegate.swift in Sources */ = {isa = PBXBuildFile; fileRef = 2228D89427EB448200AF7FFC /* SceneDelegate.swift */; };
		2228D89C27EB448500AF7FFC /* Assets.xcassets in Resources */ = {isa = PBXBuildFile; fileRef = 2228D89B27EB448500AF7FFC /* Assets.xcassets */; };
		2228D89F27EB448500AF7FFC /* LaunchScreen.storyboard in Resources */ = {isa = PBXBuildFile; fileRef = 2228D89D27EB448500AF7FFC /* LaunchScreen.storyboard */; };
		2228D8A827EB481C00AF7FFC /* ApiConfiguration.swift in Sources */ = {isa = PBXBuildFile; fileRef = 2228D8A727EB481C00AF7FFC /* ApiConfiguration.swift */; };
		2228D8AA27EB48AA00AF7FFC /* ApiEndPoints.swift in Sources */ = {isa = PBXBuildFile; fileRef = 2228D8A927EB48AA00AF7FFC /* ApiEndPoints.swift */; };
		2228D8AC27EB503B00AF7FFC /* ApiClient.swift in Sources */ = {isa = PBXBuildFile; fileRef = 2228D8AB27EB503B00AF7FFC /* ApiClient.swift */; };
		2228D8B127EB512E00AF7FFC /* ListResponse.swift in Sources */ = {isa = PBXBuildFile; fileRef = 2228D8B027EB512E00AF7FFC /* ListResponse.swift */; };
		2228D8B327EB51BA00AF7FFC /* Results.swift in Sources */ = {isa = PBXBuildFile; fileRef = 2228D8B227EB51BA00AF7FFC /* Results.swift */; };
		2228D8C927EB6D7200AF7FFC /* MyTunesListPresenter.swift in Sources */ = {isa = PBXBuildFile; fileRef = 2228D8C327EB6D7200AF7FFC /* MyTunesListPresenter.swift */; };
		2228D8CA27EB6D7200AF7FFC /* MyTunesListWorker.swift in Sources */ = {isa = PBXBuildFile; fileRef = 2228D8C427EB6D7200AF7FFC /* MyTunesListWorker.swift */; };
		2228D8CB27EB6D7200AF7FFC /* MyTunesListRouter.swift in Sources */ = {isa = PBXBuildFile; fileRef = 2228D8C527EB6D7200AF7FFC /* MyTunesListRouter.swift */; };
		2228D8CC27EB6D7200AF7FFC /* MyTunesListModels.swift in Sources */ = {isa = PBXBuildFile; fileRef = 2228D8C627EB6D7200AF7FFC /* MyTunesListModels.swift */; };
		2228D8CD27EB6D7200AF7FFC /* MyTunesListViewController.swift in Sources */ = {isa = PBXBuildFile; fileRef = 2228D8C727EB6D7200AF7FFC /* MyTunesListViewController.swift */; };
		2228D8CE27EB6D7200AF7FFC /* MyTunesListInteractor.swift in Sources */ = {isa = PBXBuildFile; fileRef = 2228D8C827EB6D7200AF7FFC /* MyTunesListInteractor.swift */; };
		2228D8D027EB6D9100AF7FFC /* MyTunesList.storyboard in Resources */ = {isa = PBXBuildFile; fileRef = 2228D8CF27EB6D9100AF7FFC /* MyTunesList.storyboard */; };
		2228D8D827EB9FD600AF7FFC /* TrackCollectionViewCell.swift in Sources */ = {isa = PBXBuildFile; fileRef = 2228D8D627EB9FD600AF7FFC /* TrackCollectionViewCell.swift */; };
		2228D8D927EB9FD600AF7FFC /* TrackCollectionViewCell.xib in Resources */ = {isa = PBXBuildFile; fileRef = 2228D8D727EB9FD600AF7FFC /* TrackCollectionViewCell.xib */; };
		2228D8DC27EBA01E00AF7FFC /* GridFlowLayout.swift in Sources */ = {isa = PBXBuildFile; fileRef = 2228D8DB27EBA01E00AF7FFC /* GridFlowLayout.swift */; };
		2238A61627EC8D8100AE4EF0 /* MyTunesDetailsPresenter.swift in Sources */ = {isa = PBXBuildFile; fileRef = 2238A61027EC8D8100AE4EF0 /* MyTunesDetailsPresenter.swift */; };
		2238A61727EC8D8100AE4EF0 /* MyTunesDetailsWorker.swift in Sources */ = {isa = PBXBuildFile; fileRef = 2238A61127EC8D8100AE4EF0 /* MyTunesDetailsWorker.swift */; };
		2238A61827EC8D8100AE4EF0 /* MyTunesDetailsRouter.swift in Sources */ = {isa = PBXBuildFile; fileRef = 2238A61227EC8D8100AE4EF0 /* MyTunesDetailsRouter.swift */; };
		2238A61927EC8D8100AE4EF0 /* MyTunesDetailsModels.swift in Sources */ = {isa = PBXBuildFile; fileRef = 2238A61327EC8D8100AE4EF0 /* MyTunesDetailsModels.swift */; };
		2238A61A27EC8D8100AE4EF0 /* MyTunesDetailsViewController.swift in Sources */ = {isa = PBXBuildFile; fileRef = 2238A61427EC8D8100AE4EF0 /* MyTunesDetailsViewController.swift */; };
		2238A61B27EC8D8100AE4EF0 /* MyTunesDetailsInteractor.swift in Sources */ = {isa = PBXBuildFile; fileRef = 2238A61527EC8D8100AE4EF0 /* MyTunesDetailsInteractor.swift */; };
		2238A61D27ECA04900AE4EF0 /* MyTunesDetails.storyboard in Resources */ = {isa = PBXBuildFile; fileRef = 2238A61C27ECA04900AE4EF0 /* MyTunesDetails.storyboard */; };
		22F56D4227EC565F0041891D /* CollectionCollectionViewCell.swift in Sources */ = {isa = PBXBuildFile; fileRef = 22F56D4027EC565F0041891D /* CollectionCollectionViewCell.swift */; };
		22F56D4327EC565F0041891D /* CollectionCollectionViewCell.xib in Resources */ = {isa = PBXBuildFile; fileRef = 22F56D4127EC565F0041891D /* CollectionCollectionViewCell.xib */; };
		22F56D4627EC566F0041891D /* ArtistCollectionViewCell.swift in Sources */ = {isa = PBXBuildFile; fileRef = 22F56D4427EC566F0041891D /* ArtistCollectionViewCell.swift */; };
		22F56D4727EC566F0041891D /* ArtistCollectionViewCell.xib in Resources */ = {isa = PBXBuildFile; fileRef = 22F56D4527EC566F0041891D /* ArtistCollectionViewCell.xib */; };
		22F56D4927EC62680041891D /* ViewExtension.swift in Sources */ = {isa = PBXBuildFile; fileRef = 22F56D4827EC62680041891D /* ViewExtension.swift */; };
		6F50C0E5C09E870B565B42B9 /* Pods_myTunes.framework in Frameworks */ = {isa = PBXBuildFile; fileRef = 20D419A544DE6A2EF6987932 /* Pods_myTunes.framework */; };
/* End PBXBuildFile section */

/* Begin PBXFileReference section */
		20D419A544DE6A2EF6987932 /* Pods_myTunes.framework */ = {isa = PBXFileReference; explicitFileType = wrapper.framework; includeInIndex = 0; path = Pods_myTunes.framework; sourceTree = BUILT_PRODUCTS_DIR; };
		2228D88F27EB448200AF7FFC /* myTunes.app */ = {isa = PBXFileReference; explicitFileType = wrapper.application; includeInIndex = 0; path = myTunes.app; sourceTree = BUILT_PRODUCTS_DIR; };
		2228D89227EB448200AF7FFC /* AppDelegate.swift */ = {isa = PBXFileReference; lastKnownFileType = sourcecode.swift; path = AppDelegate.swift; sourceTree = "<group>"; };
		2228D89427EB448200AF7FFC /* SceneDelegate.swift */ = {isa = PBXFileReference; lastKnownFileType = sourcecode.swift; path = SceneDelegate.swift; sourceTree = "<group>"; };
		2228D89B27EB448500AF7FFC /* Assets.xcassets */ = {isa = PBXFileReference; lastKnownFileType = folder.assetcatalog; path = Assets.xcassets; sourceTree = "<group>"; };
		2228D89E27EB448500AF7FFC /* Base */ = {isa = PBXFileReference; lastKnownFileType = file.storyboard; name = Base; path = Base.lproj/LaunchScreen.storyboard; sourceTree = "<group>"; };
		2228D8A027EB448500AF7FFC /* Info.plist */ = {isa = PBXFileReference; lastKnownFileType = text.plist.xml; path = Info.plist; sourceTree = "<group>"; };
		2228D8A727EB481C00AF7FFC /* ApiConfiguration.swift */ = {isa = PBXFileReference; lastKnownFileType = sourcecode.swift; path = ApiConfiguration.swift; sourceTree = "<group>"; };
		2228D8A927EB48AA00AF7FFC /* ApiEndPoints.swift */ = {isa = PBXFileReference; lastKnownFileType = sourcecode.swift; path = ApiEndPoints.swift; sourceTree = "<group>"; };
		2228D8AB27EB503B00AF7FFC /* ApiClient.swift */ = {isa = PBXFileReference; lastKnownFileType = sourcecode.swift; path = ApiClient.swift; sourceTree = "<group>"; };
		2228D8B027EB512E00AF7FFC /* ListResponse.swift */ = {isa = PBXFileReference; lastKnownFileType = sourcecode.swift; path = ListResponse.swift; sourceTree = "<group>"; };
		2228D8B227EB51BA00AF7FFC /* Results.swift */ = {isa = PBXFileReference; lastKnownFileType = sourcecode.swift; path = Results.swift; sourceTree = "<group>"; };
		2228D8C327EB6D7200AF7FFC /* MyTunesListPresenter.swift */ = {isa = PBXFileReference; lastKnownFileType = sourcecode.swift; path = MyTunesListPresenter.swift; sourceTree = "<group>"; };
		2228D8C427EB6D7200AF7FFC /* MyTunesListWorker.swift */ = {isa = PBXFileReference; lastKnownFileType = sourcecode.swift; path = MyTunesListWorker.swift; sourceTree = "<group>"; };
		2228D8C527EB6D7200AF7FFC /* MyTunesListRouter.swift */ = {isa = PBXFileReference; lastKnownFileType = sourcecode.swift; path = MyTunesListRouter.swift; sourceTree = "<group>"; };
		2228D8C627EB6D7200AF7FFC /* MyTunesListModels.swift */ = {isa = PBXFileReference; lastKnownFileType = sourcecode.swift; path = MyTunesListModels.swift; sourceTree = "<group>"; };
		2228D8C727EB6D7200AF7FFC /* MyTunesListViewController.swift */ = {isa = PBXFileReference; lastKnownFileType = sourcecode.swift; path = MyTunesListViewController.swift; sourceTree = "<group>"; };
		2228D8C827EB6D7200AF7FFC /* MyTunesListInteractor.swift */ = {isa = PBXFileReference; lastKnownFileType = sourcecode.swift; path = MyTunesListInteractor.swift; sourceTree = "<group>"; };
		2228D8CF27EB6D9100AF7FFC /* MyTunesList.storyboard */ = {isa = PBXFileReference; lastKnownFileType = file.storyboard; path = MyTunesList.storyboard; sourceTree = "<group>"; };
		2228D8D627EB9FD600AF7FFC /* TrackCollectionViewCell.swift */ = {isa = PBXFileReference; lastKnownFileType = sourcecode.swift; path = TrackCollectionViewCell.swift; sourceTree = "<group>"; };
		2228D8D727EB9FD600AF7FFC /* TrackCollectionViewCell.xib */ = {isa = PBXFileReference; lastKnownFileType = file.xib; path = TrackCollectionViewCell.xib; sourceTree = "<group>"; };
		2228D8DB27EBA01E00AF7FFC /* GridFlowLayout.swift */ = {isa = PBXFileReference; lastKnownFileType = sourcecode.swift; path = GridFlowLayout.swift; sourceTree = "<group>"; };
		2238A61027EC8D8100AE4EF0 /* MyTunesDetailsPresenter.swift */ = {isa = PBXFileReference; lastKnownFileType = sourcecode.swift; path = MyTunesDetailsPresenter.swift; sourceTree = "<group>"; };
		2238A61127EC8D8100AE4EF0 /* MyTunesDetailsWorker.swift */ = {isa = PBXFileReference; lastKnownFileType = sourcecode.swift; path = MyTunesDetailsWorker.swift; sourceTree = "<group>"; };
		2238A61227EC8D8100AE4EF0 /* MyTunesDetailsRouter.swift */ = {isa = PBXFileReference; lastKnownFileType = sourcecode.swift; path = MyTunesDetailsRouter.swift; sourceTree = "<group>"; };
		2238A61327EC8D8100AE4EF0 /* MyTunesDetailsModels.swift */ = {isa = PBXFileReference; lastKnownFileType = sourcecode.swift; path = MyTunesDetailsModels.swift; sourceTree = "<group>"; };
		2238A61427EC8D8100AE4EF0 /* MyTunesDetailsViewController.swift */ = {isa = PBXFileReference; lastKnownFileType = sourcecode.swift; path = MyTunesDetailsViewController.swift; sourceTree = "<group>"; };
		2238A61527EC8D8100AE4EF0 /* MyTunesDetailsInteractor.swift */ = {isa = PBXFileReference; lastKnownFileType = sourcecode.swift; path = MyTunesDetailsInteractor.swift; sourceTree = "<group>"; };
		2238A61C27ECA04900AE4EF0 /* MyTunesDetails.storyboard */ = {isa = PBXFileReference; lastKnownFileType = file.storyboard; path = MyTunesDetails.storyboard; sourceTree = "<group>"; };
		22F56D4027EC565F0041891D /* CollectionCollectionViewCell.swift */ = {isa = PBXFileReference; lastKnownFileType = sourcecode.swift; path = CollectionCollectionViewCell.swift; sourceTree = "<group>"; };
		22F56D4127EC565F0041891D /* CollectionCollectionViewCell.xib */ = {isa = PBXFileReference; lastKnownFileType = file.xib; path = CollectionCollectionViewCell.xib; sourceTree = "<group>"; };
		22F56D4427EC566F0041891D /* ArtistCollectionViewCell.swift */ = {isa = PBXFileReference; lastKnownFileType = sourcecode.swift; path = ArtistCollectionViewCell.swift; sourceTree = "<group>"; };
		22F56D4527EC566F0041891D /* ArtistCollectionViewCell.xib */ = {isa = PBXFileReference; lastKnownFileType = file.xib; path = ArtistCollectionViewCell.xib; sourceTree = "<group>"; };
		22F56D4827EC62680041891D /* ViewExtension.swift */ = {isa = PBXFileReference; lastKnownFileType = sourcecode.swift; path = ViewExtension.swift; sourceTree = "<group>"; };
		4EFBF8CA024002BF2A23A4E6 /* Pods-myTunes.debug.xcconfig */ = {isa = PBXFileReference; includeInIndex = 1; lastKnownFileType = text.xcconfig; name = "Pods-myTunes.debug.xcconfig"; path = "Target Support Files/Pods-myTunes/Pods-myTunes.debug.xcconfig"; sourceTree = "<group>"; };
		54B7A23B48D73885BEB31FC7 /* Pods-myTunes.release.xcconfig */ = {isa = PBXFileReference; includeInIndex = 1; lastKnownFileType = text.xcconfig; name = "Pods-myTunes.release.xcconfig"; path = "Target Support Files/Pods-myTunes/Pods-myTunes.release.xcconfig"; sourceTree = "<group>"; };
/* End PBXFileReference section */

/* Begin PBXFrameworksBuildPhase section */
		2228D88C27EB448200AF7FFC /* Frameworks */ = {
			isa = PBXFrameworksBuildPhase;
			buildActionMask = 2147483647;
			files = (
				6F50C0E5C09E870B565B42B9 /* Pods_myTunes.framework in Frameworks */,
			);
			runOnlyForDeploymentPostprocessing = 0;
		};
/* End PBXFrameworksBuildPhase section */

/* Begin PBXGroup section */
		2228D88627EB448200AF7FFC = {
			isa = PBXGroup;
			children = (
				2228D89127EB448200AF7FFC /* myTunes */,
				2228D89027EB448200AF7FFC /* Products */,
				8506CAE8F131D0B07455C6DA /* Pods */,
				D35BCB5F3AA1EAF35B00A310 /* Frameworks */,
			);
			sourceTree = "<group>";
		};
		2228D89027EB448200AF7FFC /* Products */ = {
			isa = PBXGroup;
			children = (
				2228D88F27EB448200AF7FFC /* myTunes.app */,
			);
			name = Products;
			sourceTree = "<group>";
		};
		2228D89127EB448200AF7FFC /* myTunes */ = {
			isa = PBXGroup;
			children = (
				2228D8DA27EBA00700AF7FFC /* Util */,
				2228D8B427EB6CD600AF7FFC /* Presentation */,
				2228D8AD27EB50F400AF7FFC /* Data */,
				2228D8A627EB47FF00AF7FFC /* Network */,
				2228D89227EB448200AF7FFC /* AppDelegate.swift */,
				2228D89427EB448200AF7FFC /* SceneDelegate.swift */,
				2228D89B27EB448500AF7FFC /* Assets.xcassets */,
				2228D89D27EB448500AF7FFC /* LaunchScreen.storyboard */,
				2228D8A027EB448500AF7FFC /* Info.plist */,
			);
			path = myTunes;
			sourceTree = "<group>";
		};
		2228D8A627EB47FF00AF7FFC /* Network */ = {
			isa = PBXGroup;
			children = (
				2228D8A727EB481C00AF7FFC /* ApiConfiguration.swift */,
				2228D8A927EB48AA00AF7FFC /* ApiEndPoints.swift */,
				2228D8AB27EB503B00AF7FFC /* ApiClient.swift */,
			);
			path = Network;
			sourceTree = "<group>";
		};
		2228D8AD27EB50F400AF7FFC /* Data */ = {
			isa = PBXGroup;
			children = (
				2228D8AF27EB511000AF7FFC /* Entities */,
				2228D8AE27EB510700AF7FFC /* Api */,
			);
			path = Data;
			sourceTree = "<group>";
		};
		2228D8AE27EB510700AF7FFC /* Api */ = {
			isa = PBXGroup;
			children = (
				2228D8B027EB512E00AF7FFC /* ListResponse.swift */,
			);
			path = Api;
			sourceTree = "<group>";
		};
		2228D8AF27EB511000AF7FFC /* Entities */ = {
			isa = PBXGroup;
			children = (
				2228D8B227EB51BA00AF7FFC /* Results.swift */,
			);
			path = Entities;
			sourceTree = "<group>";
		};
		2228D8B427EB6CD600AF7FFC /* Presentation */ = {
			isa = PBXGroup;
			children = (
				2238A60F27EC8CDC00AE4EF0 /* MyTunesDetails */,
				2228D8C227EB6D4A00AF7FFC /* MyTunesList */,
			);
			path = Presentation;
			sourceTree = "<group>";
		};
		2228D8C227EB6D4A00AF7FFC /* MyTunesList */ = {
			isa = PBXGroup;
			children = (
				2228D8D127EB994800AF7FFC /* Cell */,
				2228D8C727EB6D7200AF7FFC /* MyTunesListViewController.swift */,
				2228D8C327EB6D7200AF7FFC /* MyTunesListPresenter.swift */,
				2228D8C427EB6D7200AF7FFC /* MyTunesListWorker.swift */,
				2228D8C527EB6D7200AF7FFC /* MyTunesListRouter.swift */,
				2228D8C627EB6D7200AF7FFC /* MyTunesListModels.swift */,
				2228D8C827EB6D7200AF7FFC /* MyTunesListInteractor.swift */,
				2228D8CF27EB6D9100AF7FFC /* MyTunesList.storyboard */,
			);
			path = MyTunesList;
			sourceTree = "<group>";
		};
		2228D8D127EB994800AF7FFC /* Cell */ = {
			isa = PBXGroup;
			children = (
				2228D8D627EB9FD600AF7FFC /* TrackCollectionViewCell.swift */,
				2228D8D727EB9FD600AF7FFC /* TrackCollectionViewCell.xib */,
				22F56D4027EC565F0041891D /* CollectionCollectionViewCell.swift */,
				22F56D4127EC565F0041891D /* CollectionCollectionViewCell.xib */,
				22F56D4427EC566F0041891D /* ArtistCollectionViewCell.swift */,
				22F56D4527EC566F0041891D /* ArtistCollectionViewCell.xib */,
			);
			path = Cell;
			sourceTree = "<group>";
		};
		2228D8DA27EBA00700AF7FFC /* Util */ = {
			isa = PBXGroup;
			children = (
				2228D8DB27EBA01E00AF7FFC /* GridFlowLayout.swift */,
				22F56D4827EC62680041891D /* ViewExtension.swift */,
			);
			path = Util;
			sourceTree = "<group>";
		};
		2238A60F27EC8CDC00AE4EF0 /* MyTunesDetails */ = {
			isa = PBXGroup;
			children = (
				2238A61027EC8D8100AE4EF0 /* MyTunesDetailsPresenter.swift */,
				2238A61127EC8D8100AE4EF0 /* MyTunesDetailsWorker.swift */,
				2238A61227EC8D8100AE4EF0 /* MyTunesDetailsRouter.swift */,
				2238A61327EC8D8100AE4EF0 /* MyTunesDetailsModels.swift */,
				2238A61427EC8D8100AE4EF0 /* MyTunesDetailsViewController.swift */,
				2238A61527EC8D8100AE4EF0 /* MyTunesDetailsInteractor.swift */,
				2238A61C27ECA04900AE4EF0 /* MyTunesDetails.storyboard */,
			);
			path = MyTunesDetails;
			sourceTree = "<group>";
		};
		8506CAE8F131D0B07455C6DA /* Pods */ = {
			isa = PBXGroup;
			children = (
				4EFBF8CA024002BF2A23A4E6 /* Pods-myTunes.debug.xcconfig */,
				54B7A23B48D73885BEB31FC7 /* Pods-myTunes.release.xcconfig */,
			);
			path = Pods;
			sourceTree = "<group>";
		};
		D35BCB5F3AA1EAF35B00A310 /* Frameworks */ = {
			isa = PBXGroup;
			children = (
				20D419A544DE6A2EF6987932 /* Pods_myTunes.framework */,
			);
			name = Frameworks;
			sourceTree = "<group>";
		};
/* End PBXGroup section */

/* Begin PBXNativeTarget section */
		2228D88E27EB448200AF7FFC /* myTunes */ = {
			isa = PBXNativeTarget;
			buildConfigurationList = 2228D8A327EB448500AF7FFC /* Build configuration list for PBXNativeTarget "myTunes" */;
			buildPhases = (
				5056D593C316CBE53CDC8469 /* [CP] Check Pods Manifest.lock */,
				2228D88B27EB448200AF7FFC /* Sources */,
				2228D88C27EB448200AF7FFC /* Frameworks */,
				2228D88D27EB448200AF7FFC /* Resources */,
				5AA94AAC0960E8746BFCC421 /* [CP] Embed Pods Frameworks */,
			);
			buildRules = (
			);
			dependencies = (
			);
			name = myTunes;
			productName = myTunes;
			productReference = 2228D88F27EB448200AF7FFC /* myTunes.app */;
			productType = "com.apple.product-type.application";
		};
/* End PBXNativeTarget section */

/* Begin PBXProject section */
		2228D88727EB448200AF7FFC /* Project object */ = {
			isa = PBXProject;
			attributes = {
				BuildIndependentTargetsInParallel = 1;
				LastSwiftUpdateCheck = 1320;
				LastUpgradeCheck = 1320;
				TargetAttributes = {
					2228D88E27EB448200AF7FFC = {
						CreatedOnToolsVersion = 13.2.1;
					};
				};
			};
			buildConfigurationList = 2228D88A27EB448200AF7FFC /* Build configuration list for PBXProject "myTunes" */;
			compatibilityVersion = "Xcode 13.0";
			developmentRegion = en;
			hasScannedForEncodings = 0;
			knownRegions = (
				en,
				Base,
			);
			mainGroup = 2228D88627EB448200AF7FFC;
			productRefGroup = 2228D89027EB448200AF7FFC /* Products */;
			projectDirPath = "";
			projectRoot = "";
			targets = (
				2228D88E27EB448200AF7FFC /* myTunes */,
			);
		};
/* End PBXProject section */

/* Begin PBXResourcesBuildPhase section */
		2228D88D27EB448200AF7FFC /* Resources */ = {
			isa = PBXResourcesBuildPhase;
			buildActionMask = 2147483647;
			files = (
				2228D89F27EB448500AF7FFC /* LaunchScreen.storyboard in Resources */,
				22F56D4327EC565F0041891D /* CollectionCollectionViewCell.xib in Resources */,
				2228D8D027EB6D9100AF7FFC /* MyTunesList.storyboard in Resources */,
				22F56D4727EC566F0041891D /* ArtistCollectionViewCell.xib in Resources */,
				2228D8D927EB9FD600AF7FFC /* TrackCollectionViewCell.xib in Resources */,
				2228D89C27EB448500AF7FFC /* Assets.xcassets in Resources */,
				2238A61D27ECA04900AE4EF0 /* MyTunesDetails.storyboard in Resources */,
			);
			runOnlyForDeploymentPostprocessing = 0;
		};
/* End PBXResourcesBuildPhase section */

/* Begin PBXShellScriptBuildPhase section */
		5056D593C316CBE53CDC8469 /* [CP] Check Pods Manifest.lock */ = {
			isa = PBXShellScriptBuildPhase;
			buildActionMask = 2147483647;
			files = (
			);
			inputFileListPaths = (
			);
			inputPaths = (
				"${PODS_PODFILE_DIR_PATH}/Podfile.lock",
				"${PODS_ROOT}/Manifest.lock",
			);
			name = "[CP] Check Pods Manifest.lock";
			outputFileListPaths = (
			);
			outputPaths = (
				"$(DERIVED_FILE_DIR)/Pods-myTunes-checkManifestLockResult.txt",
			);
			runOnlyForDeploymentPostprocessing = 0;
			shellPath = /bin/sh;
			shellScript = "diff \"${PODS_PODFILE_DIR_PATH}/Podfile.lock\" \"${PODS_ROOT}/Manifest.lock\" > /dev/null\nif [ $? != 0 ] ; then\n    # print error to STDERR\n    echo \"error: The sandbox is not in sync with the Podfile.lock. Run 'pod install' or update your CocoaPods installation.\" >&2\n    exit 1\nfi\n# This output is used by Xcode 'outputs' to avoid re-running this script phase.\necho \"SUCCESS\" > \"${SCRIPT_OUTPUT_FILE_0}\"\n";
			showEnvVarsInLog = 0;
		};
		5AA94AAC0960E8746BFCC421 /* [CP] Embed Pods Frameworks */ = {
			isa = PBXShellScriptBuildPhase;
			buildActionMask = 2147483647;
			files = (
			);
			inputFileListPaths = (
				"${PODS_ROOT}/Target Support Files/Pods-myTunes/Pods-myTunes-frameworks-${CONFIGURATION}-input-files.xcfilelist",
			);
			name = "[CP] Embed Pods Frameworks";
			outputFileListPaths = (
				"${PODS_ROOT}/Target Support Files/Pods-myTunes/Pods-myTunes-frameworks-${CONFIGURATION}-output-files.xcfilelist",
			);
			runOnlyForDeploymentPostprocessing = 0;
			shellPath = /bin/sh;
			shellScript = "\"${PODS_ROOT}/Target Support Files/Pods-myTunes/Pods-myTunes-frameworks.sh\"\n";
			showEnvVarsInLog = 0;
		};
/* End PBXShellScriptBuildPhase section */

/* Begin PBXSourcesBuildPhase section */
		2228D88B27EB448200AF7FFC /* Sources */ = {
			isa = PBXSourcesBuildPhase;
			buildActionMask = 2147483647;
			files = (
				22F56D4927EC62680041891D /* ViewExtension.swift in Sources */,
				22F56D4227EC565F0041891D /* CollectionCollectionViewCell.swift in Sources */,
				2238A61827EC8D8100AE4EF0 /* MyTunesDetailsRouter.swift in Sources */,
				2228D8D827EB9FD600AF7FFC /* TrackCollectionViewCell.swift in Sources */,
				2228D89327EB448200AF7FFC /* AppDelegate.swift in Sources */,
				2228D89527EB448200AF7FFC /* SceneDelegate.swift in Sources */,
				2238A61A27EC8D8100AE4EF0 /* MyTunesDetailsViewController.swift in Sources */,
				2238A61B27EC8D8100AE4EF0 /* MyTunesDetailsInteractor.swift in Sources */,
				2228D8CC27EB6D7200AF7FFC /* MyTunesListModels.swift in Sources */,
				2228D8A827EB481C00AF7FFC /* ApiConfiguration.swift in Sources */,
				2228D8CE27EB6D7200AF7FFC /* MyTunesListInteractor.swift in Sources */,
				2228D8B327EB51BA00AF7FFC /* Results.swift in Sources */,
				2238A61927EC8D8100AE4EF0 /* MyTunesDetailsModels.swift in Sources */,
				2228D8AA27EB48AA00AF7FFC /* ApiEndPoints.swift in Sources */,
				22F56D4627EC566F0041891D /* ArtistCollectionViewCell.swift in Sources */,
				2228D8B127EB512E00AF7FFC /* ListResponse.swift in Sources */,
				2228D8C927EB6D7200AF7FFC /* MyTunesListPresenter.swift in Sources */,
				2228D8AC27EB503B00AF7FFC /* ApiClient.swift in Sources */,
				2238A61727EC8D8100AE4EF0 /* MyTunesDetailsWorker.swift in Sources */,
				2238A61627EC8D8100AE4EF0 /* MyTunesDetailsPresenter.swift in Sources */,
				2228D8CB27EB6D7200AF7FFC /* MyTunesListRouter.swift in Sources */,
				2228D8DC27EBA01E00AF7FFC /* GridFlowLayout.swift in Sources */,
				2228D8CD27EB6D7200AF7FFC /* MyTunesListViewController.swift in Sources */,
				2228D8CA27EB6D7200AF7FFC /* MyTunesListWorker.swift in Sources */,
			);
			runOnlyForDeploymentPostprocessing = 0;
		};
/* End PBXSourcesBuildPhase section */

/* Begin PBXVariantGroup section */
		2228D89D27EB448500AF7FFC /* LaunchScreen.storyboard */ = {
			isa = PBXVariantGroup;
			children = (
				2228D89E27EB448500AF7FFC /* Base */,
			);
			name = LaunchScreen.storyboard;
			sourceTree = "<group>";
		};
/* End PBXVariantGroup section */

/* Begin XCBuildConfiguration section */
		2228D8A127EB448500AF7FFC /* Debug */ = {
			isa = XCBuildConfiguration;
			buildSettings = {
				ALWAYS_SEARCH_USER_PATHS = NO;
				CLANG_ANALYZER_NONNULL = YES;
				CLANG_ANALYZER_NUMBER_OBJECT_CONVERSION = YES_AGGRESSIVE;
				CLANG_CXX_LANGUAGE_STANDARD = "gnu++17";
				CLANG_CXX_LIBRARY = "libc++";
				CLANG_ENABLE_MODULES = YES;
				CLANG_ENABLE_OBJC_ARC = YES;
				CLANG_ENABLE_OBJC_WEAK = YES;
				CLANG_WARN_BLOCK_CAPTURE_AUTORELEASING = YES;
				CLANG_WARN_BOOL_CONVERSION = YES;
				CLANG_WARN_COMMA = YES;
				CLANG_WARN_CONSTANT_CONVERSION = YES;
				CLANG_WARN_DEPRECATED_OBJC_IMPLEMENTATIONS = YES;
				CLANG_WARN_DIRECT_OBJC_ISA_USAGE = YES_ERROR;
				CLANG_WARN_DOCUMENTATION_COMMENTS = YES;
				CLANG_WARN_EMPTY_BODY = YES;
				CLANG_WARN_ENUM_CONVERSION = YES;
				CLANG_WARN_INFINITE_RECURSION = YES;
				CLANG_WARN_INT_CONVERSION = YES;
				CLANG_WARN_NON_LITERAL_NULL_CONVERSION = YES;
				CLANG_WARN_OBJC_IMPLICIT_RETAIN_SELF = YES;
				CLANG_WARN_OBJC_LITERAL_CONVERSION = YES;
				CLANG_WARN_OBJC_ROOT_CLASS = YES_ERROR;
				CLANG_WARN_QUOTED_INCLUDE_IN_FRAMEWORK_HEADER = YES;
				CLANG_WARN_RANGE_LOOP_ANALYSIS = YES;
				CLANG_WARN_STRICT_PROTOTYPES = YES;
				CLANG_WARN_SUSPICIOUS_MOVE = YES;
				CLANG_WARN_UNGUARDED_AVAILABILITY = YES_AGGRESSIVE;
				CLANG_WARN_UNREACHABLE_CODE = YES;
				CLANG_WARN__DUPLICATE_METHOD_MATCH = YES;
				COPY_PHASE_STRIP = NO;
				DEBUG_INFORMATION_FORMAT = dwarf;
				ENABLE_STRICT_OBJC_MSGSEND = YES;
				ENABLE_TESTABILITY = YES;
				GCC_C_LANGUAGE_STANDARD = gnu11;
				GCC_DYNAMIC_NO_PIC = NO;
				GCC_NO_COMMON_BLOCKS = YES;
				GCC_OPTIMIZATION_LEVEL = 0;
				GCC_PREPROCESSOR_DEFINITIONS = (
					"DEBUG=1",
					"$(inherited)",
				);
				GCC_WARN_64_TO_32_BIT_CONVERSION = YES;
				GCC_WARN_ABOUT_RETURN_TYPE = YES_ERROR;
				GCC_WARN_UNDECLARED_SELECTOR = YES;
				GCC_WARN_UNINITIALIZED_AUTOS = YES_AGGRESSIVE;
				GCC_WARN_UNUSED_FUNCTION = YES;
				GCC_WARN_UNUSED_VARIABLE = YES;
				IPHONEOS_DEPLOYMENT_TARGET = 15.2;
				MTL_ENABLE_DEBUG_INFO = INCLUDE_SOURCE;
				MTL_FAST_MATH = YES;
				ONLY_ACTIVE_ARCH = YES;
				SDKROOT = iphoneos;
				SWIFT_ACTIVE_COMPILATION_CONDITIONS = DEBUG;
				SWIFT_OPTIMIZATION_LEVEL = "-Onone";
			};
			name = Debug;
		};
		2228D8A227EB448500AF7FFC /* Release */ = {
			isa = XCBuildConfiguration;
			buildSettings = {
				ALWAYS_SEARCH_USER_PATHS = NO;
				CLANG_ANALYZER_NONNULL = YES;
				CLANG_ANALYZER_NUMBER_OBJECT_CONVERSION = YES_AGGRESSIVE;
				CLANG_CXX_LANGUAGE_STANDARD = "gnu++17";
				CLANG_CXX_LIBRARY = "libc++";
				CLANG_ENABLE_MODULES = YES;
				CLANG_ENABLE_OBJC_ARC = YES;
				CLANG_ENABLE_OBJC_WEAK = YES;
				CLANG_WARN_BLOCK_CAPTURE_AUTORELEASING = YES;
				CLANG_WARN_BOOL_CONVERSION = YES;
				CLANG_WARN_COMMA = YES;
				CLANG_WARN_CONSTANT_CONVERSION = YES;
				CLANG_WARN_DEPRECATED_OBJC_IMPLEMENTATIONS = YES;
				CLANG_WARN_DIRECT_OBJC_ISA_USAGE = YES_ERROR;
				CLANG_WARN_DOCUMENTATION_COMMENTS = YES;
				CLANG_WARN_EMPTY_BODY = YES;
				CLANG_WARN_ENUM_CONVERSION = YES;
				CLANG_WARN_INFINITE_RECURSION = YES;
				CLANG_WARN_INT_CONVERSION = YES;
				CLANG_WARN_NON_LITERAL_NULL_CONVERSION = YES;
				CLANG_WARN_OBJC_IMPLICIT_RETAIN_SELF = YES;
				CLANG_WARN_OBJC_LITERAL_CONVERSION = YES;
				CLANG_WARN_OBJC_ROOT_CLASS = YES_ERROR;
				CLANG_WARN_QUOTED_INCLUDE_IN_FRAMEWORK_HEADER = YES;
				CLANG_WARN_RANGE_LOOP_ANALYSIS = YES;
				CLANG_WARN_STRICT_PROTOTYPES = YES;
				CLANG_WARN_SUSPICIOUS_MOVE = YES;
				CLANG_WARN_UNGUARDED_AVAILABILITY = YES_AGGRESSIVE;
				CLANG_WARN_UNREACHABLE_CODE = YES;
				CLANG_WARN__DUPLICATE_METHOD_MATCH = YES;
				COPY_PHASE_STRIP = NO;
				DEBUG_INFORMATION_FORMAT = "dwarf-with-dsym";
				ENABLE_NS_ASSERTIONS = NO;
				ENABLE_STRICT_OBJC_MSGSEND = YES;
				GCC_C_LANGUAGE_STANDARD = gnu11;
				GCC_NO_COMMON_BLOCKS = YES;
				GCC_WARN_64_TO_32_BIT_CONVERSION = YES;
				GCC_WARN_ABOUT_RETURN_TYPE = YES_ERROR;
				GCC_WARN_UNDECLARED_SELECTOR = YES;
				GCC_WARN_UNINITIALIZED_AUTOS = YES_AGGRESSIVE;
				GCC_WARN_UNUSED_FUNCTION = YES;
				GCC_WARN_UNUSED_VARIABLE = YES;
				IPHONEOS_DEPLOYMENT_TARGET = 15.2;
				MTL_ENABLE_DEBUG_INFO = NO;
				MTL_FAST_MATH = YES;
				SDKROOT = iphoneos;
				SWIFT_COMPILATION_MODE = wholemodule;
				SWIFT_OPTIMIZATION_LEVEL = "-O";
				VALIDATE_PRODUCT = YES;
			};
			name = Release;
		};
		2228D8A427EB448500AF7FFC /* Debug */ = {
			isa = XCBuildConfiguration;
			baseConfigurationReference = 4EFBF8CA024002BF2A23A4E6 /* Pods-myTunes.debug.xcconfig */;
			buildSettings = {
				ASSETCATALOG_COMPILER_APPICON_NAME = AppIcon;
				ASSETCATALOG_COMPILER_GLOBAL_ACCENT_COLOR_NAME = AccentColor;
				CODE_SIGN_STYLE = Automatic;
				CURRENT_PROJECT_VERSION = 1;
				DEVELOPMENT_TEAM = 2LVW678G5P;
				GENERATE_INFOPLIST_FILE = YES;
				INFOPLIST_FILE = myTunes/Info.plist;
				INFOPLIST_KEY_NSMainNibFile = MyTunesList;
				INFOPLIST_KEY_UIApplicationSupportsIndirectInputEvents = YES;
				INFOPLIST_KEY_UILaunchStoryboardName = LaunchScreen;
				INFOPLIST_KEY_UISupportedInterfaceOrientations_iPad = "UIInterfaceOrientationPortrait UIInterfaceOrientationPortraitUpsideDown UIInterfaceOrientationLandscapeLeft UIInterfaceOrientationLandscapeRight";
				INFOPLIST_KEY_UISupportedInterfaceOrientations_iPhone = "UIInterfaceOrientationPortrait UIInterfaceOrientationLandscapeLeft UIInterfaceOrientationLandscapeRight";
				LD_RUNPATH_SEARCH_PATHS = (
					"$(inherited)",
					"@executable_path/Frameworks",
				);
				MARKETING_VERSION = 1.0;
				PRODUCT_BUNDLE_IDENTIFIER = com.saniyetoy.myTunes;
				PRODUCT_NAME = "$(TARGET_NAME)";
				SWIFT_EMIT_LOC_STRINGS = YES;
				SWIFT_VERSION = 5.0;
				TARGETED_DEVICE_FAMILY = "1,2";
			};
			name = Debug;
		};
		2228D8A527EB448500AF7FFC /* Release */ = {
			isa = XCBuildConfiguration;
			baseConfigurationReference = 54B7A23B48D73885BEB31FC7 /* Pods-myTunes.release.xcconfig */;
			buildSettings = {
				ASSETCATALOG_COMPILER_APPICON_NAME = AppIcon;
				ASSETCATALOG_COMPILER_GLOBAL_ACCENT_COLOR_NAME = AccentColor;
				CODE_SIGN_STYLE = Automatic;
				CURRENT_PROJECT_VERSION = 1;
				DEVELOPMENT_TEAM = 2LVW678G5P;
				GENERATE_INFOPLIST_FILE = YES;
				INFOPLIST_FILE = myTunes/Info.plist;
				INFOPLIST_KEY_NSMainNibFile = MyTunesList;
				INFOPLIST_KEY_UIApplicationSupportsIndirectInputEvents = YES;
				INFOPLIST_KEY_UILaunchStoryboardName = LaunchScreen;
				INFOPLIST_KEY_UISupportedInterfaceOrientations_iPad = "UIInterfaceOrientationPortrait UIInterfaceOrientationPortraitUpsideDown UIInterfaceOrientationLandscapeLeft UIInterfaceOrientationLandscapeRight";
				INFOPLIST_KEY_UISupportedInterfaceOrientations_iPhone = "UIInterfaceOrientationPortrait UIInterfaceOrientationLandscapeLeft UIInterfaceOrientationLandscapeRight";
				LD_RUNPATH_SEARCH_PATHS = (
					"$(inherited)",
					"@executable_path/Frameworks",
				);
				MARKETING_VERSION = 1.0;
				PRODUCT_BUNDLE_IDENTIFIER = com.saniyetoy.myTunes;
				PRODUCT_NAME = "$(TARGET_NAME)";
				SWIFT_EMIT_LOC_STRINGS = YES;
				SWIFT_VERSION = 5.0;
				TARGETED_DEVICE_FAMILY = "1,2";
			};
			name = Release;
		};
/* End XCBuildConfiguration section */

/* Begin XCConfigurationList section */
		2228D88A27EB448200AF7FFC /* Build configuration list for PBXProject "myTunes" */ = {
			isa = XCConfigurationList;
			buildConfigurations = (
				2228D8A127EB448500AF7FFC /* Debug */,
				2228D8A227EB448500AF7FFC /* Release */,
			);
			defaultConfigurationIsVisible = 0;
			defaultConfigurationName = Release;
		};
		2228D8A327EB448500AF7FFC /* Build configuration list for PBXNativeTarget "myTunes" */ = {
			isa = XCConfigurationList;
			buildConfigurations = (
				2228D8A427EB448500AF7FFC /* Debug */,
				2228D8A527EB448500AF7FFC /* Release */,
			);
			defaultConfigurationIsVisible = 0;
			defaultConfigurationName = Release;
		};
/* End XCConfigurationList section */
	};
	rootObject = 2228D88727EB448200AF7FFC /* Project object */;
}
